
Microsoft Visual Studio Solution File, Format Version 12.00
# Visual Studio Version 17
VisualStudioVersion = 17.7.34024.191
MinimumVisualStudioVersion = 10.0.40219.1
Project("{FAE04EC0-301F-11D3-BF4B-00C04F79EFBC}") = "hafta içi sonu", "hafta içi sonu\hafta içi sonu.csproj", "{477E0FBA-235B-46B7-A7B6-44DE130C4935}"
EndProject
Global
	GlobalSection(SolutionConfigurationPlatforms) = preSolution
		Debug|Any CPU = Debug|Any CPU
		Release|Any CPU = Release|Any CPU
	EndGlobalSection
	GlobalSection(ProjectConfigurationPlatforms) = postSolution
		{477E0FBA-235B-46B7-A7B6-44DE130C4935}.Debug|Any CPU.ActiveCfg = Debug|Any CPU
		{477E0FBA-235B-46B7-A7B6-44DE130C4935}.Debug|Any CPU.Build.0 = Debug|Any CPU
		{477E0FBA-235B-46B7-A7B6-44DE130C4935}.Release|Any CPU.ActiveCfg = Release|Any CPU
		{477E0FBA-235B-46B7-A7B6-44DE130C4935}.Release|Any CPU.Build.0 = Release|Any CPU
	EndGlobalSection
	GlobalSection(SolutionProperties) = preSolution
		HideSolutionNode = FALSE
	EndGlobalSection
	GlobalSection(ExtensibilityGlobals) = postSolution
		SolutionGuid = {3D844A26-F28F-42A1-A148-458F03AAEFD7}
	EndGlobalSection
EndGlobal
