
Microsoft Visual Studio Solution File, Format Version 12.00
# Visual Studio Version 17
VisualStudioVersion = 17.7.34031.279
MinimumVisualStudioVersion = 10.0.40219.1
Project("{FAE04EC0-301F-11D3-BF4B-00C04F79EFBC}") = "3.77.1", "3.77.1\3.77.1.csproj", "{64410C76-F7FA-4231-B0A3-89D340C9470C}"
EndProject
Global
	GlobalSection(SolutionConfigurationPlatforms) = preSolution
		Debug|Any CPU = Debug|Any CPU
		Release|Any CPU = Release|Any CPU
	EndGlobalSection
	GlobalSection(ProjectConfigurationPlatforms) = postSolution
		{64410C76-F7FA-4231-B0A3-89D340C9470C}.Debug|Any CPU.ActiveCfg = Debug|Any CPU
		{64410C76-F7FA-4231-B0A3-89D340C9470C}.Debug|Any CPU.Build.0 = Debug|Any CPU
		{64410C76-F7FA-4231-B0A3-89D340C9470C}.Release|Any CPU.ActiveCfg = Release|Any CPU
		{64410C76-F7FA-4231-B0A3-89D340C9470C}.Release|Any CPU.Build.0 = Release|Any CPU
	EndGlobalSection
	GlobalSection(SolutionProperties) = preSolution
		HideSolutionNode = FALSE
	EndGlobalSection
	GlobalSection(ExtensibilityGlobals) = postSolution
		SolutionGuid = {09823FE2-E4C3-44CF-906F-24FF12A7A8F2}
	EndGlobalSection
EndGlobal
