
Microsoft Visual Studio Solution File, Format Version 12.00
# Visual Studio Version 17
VisualStudioVersion = 17.7.34024.191
MinimumVisualStudioVersion = 10.0.40219.1
Project("{FAE04EC0-301F-11D3-BF4B-00C04F79EFBC}") = "belge işlemeleri", "belge işlemeleri\belge işlemeleri.csproj", "{7E7CE80A-A64B-4E7F-9BEC-AB52B52174EB}"
EndProject
Global
	GlobalSection(SolutionConfigurationPlatforms) = preSolution
		Debug|Any CPU = Debug|Any CPU
		Release|Any CPU = Release|Any CPU
	EndGlobalSection
	GlobalSection(ProjectConfigurationPlatforms) = postSolution
		{7E7CE80A-A64B-4E7F-9BEC-AB52B52174EB}.Debug|Any CPU.ActiveCfg = Debug|Any CPU
		{7E7CE80A-A64B-4E7F-9BEC-AB52B52174EB}.Debug|Any CPU.Build.0 = Debug|Any CPU
		{7E7CE80A-A64B-4E7F-9BEC-AB52B52174EB}.Release|Any CPU.ActiveCfg = Release|Any CPU
		{7E7CE80A-A64B-4E7F-9BEC-AB52B52174EB}.Release|Any CPU.Build.0 = Release|Any CPU
	EndGlobalSection
	GlobalSection(SolutionProperties) = preSolution
		HideSolutionNode = FALSE
	EndGlobalSection
	GlobalSection(ExtensibilityGlobals) = postSolution
		SolutionGuid = {FE205BF7-906F-463D-A069-FC36C6594048}
	EndGlobalSection
EndGlobal
