
Microsoft Visual Studio Solution File, Format Version 12.00
# Visual Studio Version 17
VisualStudioVersion = 17.7.34024.191
MinimumVisualStudioVersion = 10.0.40219.1
Project("{FAE04EC0-301F-11D3-BF4B-00C04F79EFBC}") = "hangi gündeyim", "hangi gündeyim\hangi gündeyim.csproj", "{882A16C7-607D-4730-885F-C61E4E371F89}"
EndProject
Global
	GlobalSection(SolutionConfigurationPlatforms) = preSolution
		Debug|Any CPU = Debug|Any CPU
		Release|Any CPU = Release|Any CPU
	EndGlobalSection
	GlobalSection(ProjectConfigurationPlatforms) = postSolution
		{882A16C7-607D-4730-885F-C61E4E371F89}.Debug|Any CPU.ActiveCfg = Debug|Any CPU
		{882A16C7-607D-4730-885F-C61E4E371F89}.Debug|Any CPU.Build.0 = Debug|Any CPU
		{882A16C7-607D-4730-885F-C61E4E371F89}.Release|Any CPU.ActiveCfg = Release|Any CPU
		{882A16C7-607D-4730-885F-C61E4E371F89}.Release|Any CPU.Build.0 = Release|Any CPU
	EndGlobalSection
	GlobalSection(SolutionProperties) = preSolution
		HideSolutionNode = FALSE
	EndGlobalSection
	GlobalSection(ExtensibilityGlobals) = postSolution
		SolutionGuid = {F2EF9ECC-FDAF-4486-93CC-B517A875E8A5}
	EndGlobalSection
EndGlobal
