
Microsoft Visual Studio Solution File, Format Version 12.00
# Visual Studio Version 17
VisualStudioVersion = 17.7.34024.191
MinimumVisualStudioVersion = 10.0.40219.1
Project("{FAE04EC0-301F-11D3-BF4B-00C04F79EFBC}") = "deneme 1,2,3,4", "deneme 1,2,3,4\deneme 1,2,3,4.csproj", "{320E336E-1964-4E8F-8B13-A1FF82A75174}"
EndProject
Global
	GlobalSection(SolutionConfigurationPlatforms) = preSolution
		Debug|Any CPU = Debug|Any CPU
		Release|Any CPU = Release|Any CPU
	EndGlobalSection
	GlobalSection(ProjectConfigurationPlatforms) = postSolution
		{320E336E-1964-4E8F-8B13-A1FF82A75174}.Debug|Any CPU.ActiveCfg = Debug|Any CPU
		{320E336E-1964-4E8F-8B13-A1FF82A75174}.Debug|Any CPU.Build.0 = Debug|Any CPU
		{320E336E-1964-4E8F-8B13-A1FF82A75174}.Release|Any CPU.ActiveCfg = Release|Any CPU
		{320E336E-1964-4E8F-8B13-A1FF82A75174}.Release|Any CPU.Build.0 = Release|Any CPU
	EndGlobalSection
	GlobalSection(SolutionProperties) = preSolution
		HideSolutionNode = FALSE
	EndGlobalSection
	GlobalSection(ExtensibilityGlobals) = postSolution
		SolutionGuid = {864CD32C-B2B1-4D5E-978D-310757895DC4}
	EndGlobalSection
EndGlobal
