
Microsoft Visual Studio Solution File, Format Version 12.00
# Visual Studio Version 17
VisualStudioVersion = 17.7.34031.279
MinimumVisualStudioVersion = 10.0.40219.1
Project("{FAE04EC0-301F-11D3-BF4B-00C04F79EFBC}") = "3.78.1", "3.78.1\3.78.1.csproj", "{2AC445E0-73BD-4D76-99CA-18942BC9EABF}"
EndProject
Global
	GlobalSection(SolutionConfigurationPlatforms) = preSolution
		Debug|Any CPU = Debug|Any CPU
		Release|Any CPU = Release|Any CPU
	EndGlobalSection
	GlobalSection(ProjectConfigurationPlatforms) = postSolution
		{2AC445E0-73BD-4D76-99CA-18942BC9EABF}.Debug|Any CPU.ActiveCfg = Debug|Any CPU
		{2AC445E0-73BD-4D76-99CA-18942BC9EABF}.Debug|Any CPU.Build.0 = Debug|Any CPU
		{2AC445E0-73BD-4D76-99CA-18942BC9EABF}.Release|Any CPU.ActiveCfg = Release|Any CPU
		{2AC445E0-73BD-4D76-99CA-18942BC9EABF}.Release|Any CPU.Build.0 = Release|Any CPU
	EndGlobalSection
	GlobalSection(SolutionProperties) = preSolution
		HideSolutionNode = FALSE
	EndGlobalSection
	GlobalSection(ExtensibilityGlobals) = postSolution
		SolutionGuid = {FF405457-72C7-4072-96B8-5FAE0064D2A7}
	EndGlobalSection
EndGlobal
